PODS:
  - Alamofire (4.8.2)
  - ApplicasterSDK (10.5.0):
    - Alamofire (= 4.8.2)
    - ApplicasterSDK/arc (= 10.5.0)
    - ApplicasterSDK/non-arc (= 10.5.0)
    - CocoaLumberjack/Swift (= 3.5.3)
    - FBSDKCoreKit (= 5.2.3)
    - FBSDKLoginKit (= 5.2.3)
    - FBSDKShareKit (= 5.2.3)
    - SSZipArchive (= 2.1.0)
    - TTTAttributedLabel (= 2.1.0)
    - TwitterKit (= 3.4.2)
    - ZappAnalyticsPluginsSDK
    - ZappGeneralPluginsSDK
    - ZappLoginPluginsSDK
    - ZappPlugins
    - ZappPushPluginsSDK
  - ApplicasterSDK/arc (10.5.0):
    - Alamofire (= 4.8.2)
    - CocoaLumberjack/Swift (= 3.5.3)
    - FBSDKCoreKit (= 5.2.3)
    - FBSDKLoginKit (= 5.2.3)
    - FBSDKShareKit (= 5.2.3)
    - SSZipArchive (= 2.1.0)
    - TTTAttributedLabel (= 2.1.0)
    - TwitterKit (= 3.4.2)
    - ZappAnalyticsPluginsSDK
    - ZappGeneralPluginsSDK
    - ZappLoginPluginsSDK
    - ZappPlugins
    - ZappPushPluginsSDK
  - ApplicasterSDK/non-arc (10.5.0):
    - Alamofire (= 4.8.2)
    - CocoaLumberjack/Swift (= 3.5.3)
    - FBSDKCoreKit (= 5.2.3)
    - FBSDKLoginKit (= 5.2.3)
    - FBSDKShareKit (= 5.2.3)
    - SSZipArchive (= 2.1.0)
    - TTTAttributedLabel (= 2.1.0)
    - TwitterKit (= 3.4.2)
    - ZappAnalyticsPluginsSDK
    - ZappGeneralPluginsSDK
    - ZappLoginPluginsSDK
    - ZappPlugins
    - ZappPushPluginsSDK
  - CocoaLumberjack/Core (3.5.3)
  - CocoaLumberjack/Swift (3.5.3):
    - CocoaLumberjack/Core
  - FBSDKCoreKit (5.2.3):
    - FBSDKCoreKit/Basics (= 5.2.3)
    - FBSDKCoreKit/Core (= 5.2.3)
  - FBSDKCoreKit/Basics (5.2.3)
  - FBSDKCoreKit/Core (5.2.3):
    - FBSDKCoreKit/Basics
  - FBSDKLoginKit (5.2.3):
    - FBSDKCoreKit (~> 5.0)
  - FBSDKShareKit (5.2.3):
    - FBSDKCoreKit (~> 5.0)
  - JWPlayer-SDK (3.8.0)
  - JWPlayerPlugin (3.2.4):
    - ApplicasterSDK
    - JWPlayer-SDK (~> 3.0)
    - ZappLoginPluginsSDK
    - ZappPlugins
  - PluginPresenter (0.1.1)
  - SSZipArchive (2.1.0)
  - TTTAttributedLabel (2.1.0)
  - TwitterCore (3.2.0)
  - TwitterKit (3.4.2):
    - TwitterCore (>= 3.2.0)
  - ZappAnalyticsPluginsSDK (8.1.0):
    - ZappPlugins
  - ZappGeneralPluginsSDK (8.2.0):
    - ZappPlugins
  - ZappLoginPluginsSDK (8.0.3):
    - Alamofire
    - ZappPlugins
  - ZappPlugins (9.4.11)
  - ZappPushPluginsSDK (8.0.2):
    - ZappPlugins

DEPENDENCIES:
  - ApplicasterSDK (from `Submodules/ApplicasterSDK/ApplicasterSDK.podspec`)
  - JWPlayerPlugin
  - PluginPresenter
  - ZappAnalyticsPluginsSDK (~> 8.0)
  - ZappGeneralPluginsSDK (~> 8.0)
  - ZappLoginPluginsSDK (~> 8.0)
  - ZappPlugins (from `Submodules/ZappPlugins/ZappPlugins.podspec`)
  - ZappPushPluginsSDK (~> 8.0)

SPEC REPOS:
  "git@github.com:applicaster/CocoaPods-Private.git":
    - ZappAnalyticsPluginsSDK
    - ZappGeneralPluginsSDK
    - ZappLoginPluginsSDK
    - ZappPushPluginsSDK
  "git@github.com:applicaster/CocoaPods.git":
    - TTTAttributedLabel
  "git@github.com:applicaster/PluginPresenter-iOS.git":
    - PluginPresenter
  "git@github.com:applicaster/zapp-player-plugin-jw.git":
    - JWPlayerPlugin
  https://github.com/cocoapods/specs.git:
    - Alamofire
    - CocoaLumberjack
    - FBSDKCoreKit
    - FBSDKLoginKit
    - FBSDKShareKit
    - JWPlayer-SDK
    - SSZipArchive
    - TwitterCore
    - TwitterKit

EXTERNAL SOURCES:
  ApplicasterSDK:
    :path: Submodules/ApplicasterSDK/ApplicasterSDK.podspec
  ZappPlugins:
    :path: Submodules/ZappPlugins/ZappPlugins.podspec

SPEC CHECKSUMS:
  Alamofire: ae5c501addb7afdbb13687d7f2f722c78734c2d3
  ApplicasterSDK: 26b0a0f8336466900bbffea9e4ee0481ba7dcac0
  CocoaLumberjack: 2f44e60eb91c176d471fdba43b9e3eae6a721947
  FBSDKCoreKit: 5154c35d9058fd7dfa0445ba19e194c4b172fc32
  FBSDKLoginKit: dc98b6bf12334f1a42f28d0457fffc9aa3d1eca5
  FBSDKShareKit: 6f9c622f9a5d051f43f2dab6f753d5198422b89c
  JWPlayer-SDK: 2906622e32fdec4da4c650e39e9eecf7578b3b69
  JWPlayerPlugin: 404ab353ee77cbe31b1db9fac4cbbcd1bf836c57
  PluginPresenter: 1b3d0234c164216dae92b6cd81e79521b929adaa
  SSZipArchive: 1e8e53dcb11bca3ded4738958dc49fc467320a14
  TTTAttributedLabel: f8c7f1dbc7b8f7168e23e8b4764dda2e3b74aae8
  TwitterCore: 8cbc9ad34d91c63a0035ea05bfbfc0d7ca72a28c
  TwitterKit: 5e4f41d70b9abdb41df5467f52d7aa2c0fd26ebb
  ZappAnalyticsPluginsSDK: 0051d91c14d7c2a6479747b94b64a4067cec14f6
  ZappGeneralPluginsSDK: dad1c0dd6ab2404b6707394436f18b97c197e8cc
  ZappLoginPluginsSDK: 0759a44470bde15635ec97696d0815154ab4a26a
  ZappPlugins: 688b1ab9fabb1f0319fd9e74f6cfbd7a0416b6cf
  ZappPushPluginsSDK: 2062e2487f3ac877c0ab1a807d1a7f8d357bd333

PODFILE CHECKSUM: 7d979e2fafcdffed3d98844184b03f9c8354b531

COCOAPODS: 1.7.5
