// !$*UTF8*$!
{
	archiveVersion = 1;
	classes = {
	};
	objectVersion = 50;
	objects = {

/* Begin PBXBuildFile section */
		02DD6CED44F07ACF168BA9F3 /* Pods_Squad1PlayerTests.framework in Frameworks */ = {isa = PBXBuildFile; fileRef = DBEB601CC645E43709406C49 /* Pods_Squad1PlayerTests.framework */; };
		52497E0F2315339E0065A6DF /* AppDelegate.swift in Sources */ = {isa = PBXBuildFile; fileRef = 52497E0E2315339E0065A6DF /* AppDelegate.swift */; };
		52497E112315339E0065A6DF /* DocumentBrowserViewController.swift in Sources */ = {isa = PBXBuildFile; fileRef = 52497E102315339E0065A6DF /* DocumentBrowserViewController.swift */; };
		52497E132315339E0065A6DF /* DocumentViewController.swift in Sources */ = {isa = PBXBuildFile; fileRef = 52497E122315339E0065A6DF /* DocumentViewController.swift */; };
		52497E152315339E0065A6DF /* Document.swift in Sources */ = {isa = PBXBuildFile; fileRef = 52497E142315339E0065A6DF /* Document.swift */; };
		52497E182315339E0065A6DF /* Main.storyboard in Resources */ = {isa = PBXBuildFile; fileRef = 52497E162315339E0065A6DF /* Main.storyboard */; };
		52497E1A231533A00065A6DF /* Assets.xcassets in Resources */ = {isa = PBXBuildFile; fileRef = 52497E19231533A00065A6DF /* Assets.xcassets */; };
		52497E1D231533A00065A6DF /* LaunchScreen.storyboard in Resources */ = {isa = PBXBuildFile; fileRef = 52497E1B231533A00065A6DF /* LaunchScreen.storyboard */; };
		52497E28231533A00065A6DF /* Squad1PlayerTests.swift in Sources */ = {isa = PBXBuildFile; fileRef = 52497E27231533A00065A6DF /* Squad1PlayerTests.swift */; };
		91CDDB689FF80372D8C251CB /* Pods_Squad1Player.framework in Frameworks */ = {isa = PBXBuildFile; fileRef = 21AC796B8E77950EAD14EECD /* Pods_Squad1Player.framework */; };
/* End PBXBuildFile section */

/* Begin PBXContainerItemProxy section */
		52497E24231533A00065A6DF /* PBXContainerItemProxy */ = {
			isa = PBXContainerItemProxy;
			containerPortal = 52497E032315339E0065A6DF /* Project object */;
			proxyType = 1;
			remoteGlobalIDString = 52497E0A2315339E0065A6DF;
			remoteInfo = Squad1Player;
		};
/* End PBXContainerItemProxy section */

/* Begin PBXFileReference section */
		21AC796B8E77950EAD14EECD /* Pods_Squad1Player.framework */ = {isa = PBXFileReference; explicitFileType = wrapper.framework; includeInIndex = 0; path = Pods_Squad1Player.framework; sourceTree = BUILT_PRODUCTS_DIR; };
		375FD2F3E96E1AF4326E566C /* Pods-Squad1Player.debug.xcconfig */ = {isa = PBXFileReference; includeInIndex = 1; lastKnownFileType = text.xcconfig; name = "Pods-Squad1Player.debug.xcconfig"; path = "Pods/Target Support Files/Pods-Squad1Player/Pods-Squad1Player.debug.xcconfig"; sourceTree = "<group>"; };
		52497E0B2315339E0065A6DF /* Squad1Player.app */ = {isa = PBXFileReference; explicitFileType = wrapper.application; includeInIndex = 0; path = Squad1Player.app; sourceTree = BUILT_PRODUCTS_DIR; };
		52497E0E2315339E0065A6DF /* AppDelegate.swift */ = {isa = PBXFileReference; lastKnownFileType = sourcecode.swift; path = AppDelegate.swift; sourceTree = "<group>"; };
		52497E102315339E0065A6DF /* DocumentBrowserViewController.swift */ = {isa = PBXFileReference; lastKnownFileType = sourcecode.swift; path = DocumentBrowserViewController.swift; sourceTree = "<group>"; };
		52497E122315339E0065A6DF /* DocumentViewController.swift */ = {isa = PBXFileReference; lastKnownFileType = sourcecode.swift; path = DocumentViewController.swift; sourceTree = "<group>"; };
		52497E142315339E0065A6DF /* Document.swift */ = {isa = PBXFileReference; lastKnownFileType = sourcecode.swift; path = Document.swift; sourceTree = "<group>"; };
		52497E172315339E0065A6DF /* Base */ = {isa = PBXFileReference; lastKnownFileType = file.storyboard; name = Base; path = Base.lproj/Main.storyboard; sourceTree = "<group>"; };
		52497E19231533A00065A6DF /* Assets.xcassets */ = {isa = PBXFileReference; lastKnownFileType = folder.assetcatalog; path = Assets.xcassets; sourceTree = "<group>"; };
		52497E1C231533A00065A6DF /* Base */ = {isa = PBXFileReference; lastKnownFileType = file.storyboard; name = Base; path = Base.lproj/LaunchScreen.storyboard; sourceTree = "<group>"; };
		52497E1E231533A00065A6DF /* Info.plist */ = {isa = PBXFileReference; lastKnownFileType = text.plist.xml; path = Info.plist; sourceTree = "<group>"; };
		52497E23231533A00065A6DF /* Squad1PlayerTests.xctest */ = {isa = PBXFileReference; explicitFileType = wrapper.cfbundle; includeInIndex = 0; path = Squad1PlayerTests.xctest; sourceTree = BUILT_PRODUCTS_DIR; };
		52497E27231533A00065A6DF /* Squad1PlayerTests.swift */ = {isa = PBXFileReference; lastKnownFileType = sourcecode.swift; path = Squad1PlayerTests.swift; sourceTree = "<group>"; };
		52497E29231533A00065A6DF /* Info.plist */ = {isa = PBXFileReference; lastKnownFileType = text.plist.xml; path = Info.plist; sourceTree = "<group>"; };
		57E5D6B9BB97801D607FB24A /* Pods-Squad1Player.release.xcconfig */ = {isa = PBXFileReference; includeInIndex = 1; lastKnownFileType = text.xcconfig; name = "Pods-Squad1Player.release.xcconfig"; path = "Pods/Target Support Files/Pods-Squad1Player/Pods-Squad1Player.release.xcconfig"; sourceTree = "<group>"; };
		DBEB601CC645E43709406C49 /* Pods_Squad1PlayerTests.framework */ = {isa = PBXFileReference; explicitFileType = wrapper.framework; includeInIndex = 0; path = Pods_Squad1PlayerTests.framework; sourceTree = BUILT_PRODUCTS_DIR; };
		EB80E8F7AA7649E1B5D8BDB6 /* Pods-Squad1PlayerTests.debug.xcconfig */ = {isa = PBXFileReference; includeInIndex = 1; lastKnownFileType = text.xcconfig; name = "Pods-Squad1PlayerTests.debug.xcconfig"; path = "Pods/Target Support Files/Pods-Squad1PlayerTests/Pods-Squad1PlayerTests.debug.xcconfig"; sourceTree = "<group>"; };
		ED02F9712F0592F02039A538 /* Pods-Squad1PlayerTests.release.xcconfig */ = {isa = PBXFileReference; includeInIndex = 1; lastKnownFileType = text.xcconfig; name = "Pods-Squad1PlayerTests.release.xcconfig"; path = "Pods/Target Support Files/Pods-Squad1PlayerTests/Pods-Squad1PlayerTests.release.xcconfig"; sourceTree = "<group>"; };
/* End PBXFileReference section */

/* Begin PBXFrameworksBuildPhase section */
		52497E082315339E0065A6DF /* Frameworks */ = {
			isa = PBXFrameworksBuildPhase;
			buildActionMask = 2147483647;
			files = (
				91CDDB689FF80372D8C251CB /* Pods_Squad1Player.framework in Frameworks */,
			);
			runOnlyForDeploymentPostprocessing = 0;
		};
		52497E20231533A00065A6DF /* Frameworks */ = {
			isa = PBXFrameworksBuildPhase;
			buildActionMask = 2147483647;
			files = (
				02DD6CED44F07ACF168BA9F3 /* Pods_Squad1PlayerTests.framework in Frameworks */,
			);
			runOnlyForDeploymentPostprocessing = 0;
		};
/* End PBXFrameworksBuildPhase section */

/* Begin PBXGroup section */
		0C0473970C0C691F18DB794D /* Frameworks */ = {
			isa = PBXGroup;
			children = (
				21AC796B8E77950EAD14EECD /* Pods_Squad1Player.framework */,
				DBEB601CC645E43709406C49 /* Pods_Squad1PlayerTests.framework */,
			);
			name = Frameworks;
			sourceTree = "<group>";
		};
		52497E022315339E0065A6DF = {
			isa = PBXGroup;
			children = (
				52497E0D2315339E0065A6DF /* Squad1Player */,
				52497E26231533A00065A6DF /* Squad1PlayerTests */,
				52497E0C2315339E0065A6DF /* Products */,
				AEF59AED996876574D8723F8 /* Pods */,
				0C0473970C0C691F18DB794D /* Frameworks */,
			);
			sourceTree = "<group>";
		};
		52497E0C2315339E0065A6DF /* Products */ = {
			isa = PBXGroup;
			children = (
				52497E0B2315339E0065A6DF /* Squad1Player.app */,
				52497E23231533A00065A6DF /* Squad1PlayerTests.xctest */,
			);
			name = Products;
			sourceTree = "<group>";
		};
		52497E0D2315339E0065A6DF /* Squad1Player */ = {
			isa = PBXGroup;
			children = (
				52497E0E2315339E0065A6DF /* AppDelegate.swift */,
				52497E102315339E0065A6DF /* DocumentBrowserViewController.swift */,
				52497E122315339E0065A6DF /* DocumentViewController.swift */,
				52497E142315339E0065A6DF /* Document.swift */,
				52497E162315339E0065A6DF /* Main.storyboard */,
				52497E19231533A00065A6DF /* Assets.xcassets */,
				52497E1B231533A00065A6DF /* LaunchScreen.storyboard */,
				52497E1E231533A00065A6DF /* Info.plist */,
			);
			path = Squad1Player;
			sourceTree = "<group>";
		};
		52497E26231533A00065A6DF /* Squad1PlayerTests */ = {
			isa = PBXGroup;
			children = (
				52497E27231533A00065A6DF /* Squad1PlayerTests.swift */,
				52497E29231533A00065A6DF /* Info.plist */,
			);
			path = Squad1PlayerTests;
			sourceTree = "<group>";
		};
		AEF59AED996876574D8723F8 /* Pods */ = {
			isa = PBXGroup;
			children = (
				375FD2F3E96E1AF4326E566C /* Pods-Squad1Player.debug.xcconfig */,
				57E5D6B9BB97801D607FB24A /* Pods-Squad1Player.release.xcconfig */,
				EB80E8F7AA7649E1B5D8BDB6 /* Pods-Squad1PlayerTests.debug.xcconfig */,
				ED02F9712F0592F02039A538 /* Pods-Squad1PlayerTests.release.xcconfig */,
			);
			name = Pods;
			sourceTree = "<group>";
		};
/* End PBXGroup section */

/* Begin PBXNativeTarget section */
		52497E0A2315339E0065A6DF /* Squad1Player */ = {
			isa = PBXNativeTarget;
			buildConfigurationList = 52497E2C231533A00065A6DF /* Build configuration list for PBXNativeTarget "Squad1Player" */;
			buildPhases = (
				25659DCE5673440E61FC262A /* [CP] Check Pods Manifest.lock */,
				52497E072315339E0065A6DF /* Sources */,
				52497E082315339E0065A6DF /* Frameworks */,
				52497E092315339E0065A6DF /* Resources */,
				2FC869E2310BD84C4747E333 /* [CP] Embed Pods Frameworks */,
				6F341E4DBE205CE7EA4AE9FE /* [CP] Copy Pods Resources */,
			);
			buildRules = (
			);
			dependencies = (
			);
			name = Squad1Player;
			productName = Squad1Player;
			productReference = 52497E0B2315339E0065A6DF /* Squad1Player.app */;
			productType = "com.apple.product-type.application";
		};
		52497E22231533A00065A6DF /* Squad1PlayerTests */ = {
			isa = PBXNativeTarget;
			buildConfigurationList = 52497E2F231533A00065A6DF /* Build configuration list for PBXNativeTarget "Squad1PlayerTests" */;
			buildPhases = (
				8AB8168243A53244E9C6C122 /* [CP] Check Pods Manifest.lock */,
				52497E1F231533A00065A6DF /* Sources */,
				52497E20231533A00065A6DF /* Frameworks */,
				52497E21231533A00065A6DF /* Resources */,
				A1EF27119AC673117C955F80 /* [CP] Embed Pods Frameworks */,
				3EC8BFF0E9580A82E914524C /* [CP] Copy Pods Resources */,
			);
			buildRules = (
			);
			dependencies = (
				52497E25231533A00065A6DF /* PBXTargetDependency */,
			);
			name = Squad1PlayerTests;
			productName = Squad1PlayerTests;
			productReference = 52497E23231533A00065A6DF /* Squad1PlayerTests.xctest */;
			productType = "com.apple.product-type.bundle.unit-test";
		};
/* End PBXNativeTarget section */

/* Begin PBXProject section */
		52497E032315339E0065A6DF /* Project object */ = {
			isa = PBXProject;
			attributes = {
				LastSwiftUpdateCheck = 1020;
				LastUpgradeCheck = 1020;
				ORGANIZATIONNAME = "Applicaster Ltd.";
				TargetAttributes = {
					52497E0A2315339E0065A6DF = {
						CreatedOnToolsVersion = 10.2.1;
					};
					52497E22231533A00065A6DF = {
						CreatedOnToolsVersion = 10.2.1;
						TestTargetID = 52497E0A2315339E0065A6DF;
					};
				};
			};
			buildConfigurationList = 52497E062315339E0065A6DF /* Build configuration list for PBXProject "Squad1Player" */;
			compatibilityVersion = "Xcode 9.3";
			developmentRegion = en;
			hasScannedForEncodings = 0;
			knownRegions = (
				en,
				Base,
			);
			mainGroup = 52497E022315339E0065A6DF;
			productRefGroup = 52497E0C2315339E0065A6DF /* Products */;
			projectDirPath = "";
			projectRoot = "";
			targets = (
				52497E0A2315339E0065A6DF /* Squad1Player */,
				52497E22231533A00065A6DF /* Squad1PlayerTests */,
			);
		};
/* End PBXProject section */

/* Begin PBXResourcesBuildPhase section */
		52497E092315339E0065A6DF /* Resources */ = {
			isa = PBXResourcesBuildPhase;
			buildActionMask = 2147483647;
			files = (
				52497E1D231533A00065A6DF /* LaunchScreen.storyboard in Resources */,
				52497E1A231533A00065A6DF /* Assets.xcassets in Resources */,
				52497E182315339E0065A6DF /* Main.storyboard in Resources */,
			);
			runOnlyForDeploymentPostprocessing = 0;
		};
		52497E21231533A00065A6DF /* Resources */ = {
			isa = PBXResourcesBuildPhase;
			buildActionMask = 2147483647;
			files = (
			);
			runOnlyForDeploymentPostprocessing = 0;
		};
/* End PBXResourcesBuildPhase section */

/* Begin PBXShellScriptBuildPhase section */
		25659DCE5673440E61FC262A /* [CP] Check Pods Manifest.lock */ = {
			isa = PBXShellScriptBuildPhase;
			buildActionMask = 2147483647;
			files = (
			);
			inputFileListPaths = (
			);
			inputPaths = (
				"${PODS_PODFILE_DIR_PATH}/Podfile.lock",
				"${PODS_ROOT}/Manifest.lock",
			);
			name = "[CP] Check Pods Manifest.lock";
			outputFileListPaths = (
			);
			outputPaths = (
				"$(DERIVED_FILE_DIR)/Pods-Squad1Player-checkManifestLockResult.txt",
			);
			runOnlyForDeploymentPostprocessing = 0;
			shellPath = /bin/sh;
			shellScript = "diff \"${PODS_PODFILE_DIR_PATH}/Podfile.lock\" \"${PODS_ROOT}/Manifest.lock\" > /dev/null\nif [ $? != 0 ] ; then\n    # print error to STDERR\n    echo \"error: The sandbox is not in sync with the Podfile.lock. Run 'pod install' or update your CocoaPods installation.\" >&2\n    exit 1\nfi\n# This output is used by Xcode 'outputs' to avoid re-running this script phase.\necho \"SUCCESS\" > \"${SCRIPT_OUTPUT_FILE_0}\"\n";
			showEnvVarsInLog = 0;
		};
		2FC869E2310BD84C4747E333 /* [CP] Embed Pods Frameworks */ = {
			isa = PBXShellScriptBuildPhase;
			buildActionMask = 2147483647;
			files = (
			);
			inputFileListPaths = (
			);
			inputPaths = (
				"${SRCROOT}/Pods/Target Support Files/Pods-Squad1Player/Pods-Squad1Player-frameworks.sh",
				"${BUILT_PRODUCTS_DIR}/Alamofire/Alamofire.framework",
				"${PODS_ROOT}/ApplicasterSDK/ApplicasterSDK.framework",
				"${BUILT_PRODUCTS_DIR}/CocoaLumberjack/CocoaLumberjack.framework",
				"${BUILT_PRODUCTS_DIR}/FBSDKCoreKit/FBSDKCoreKit.framework",
				"${BUILT_PRODUCTS_DIR}/FBSDKLoginKit/FBSDKLoginKit.framework",
				"${BUILT_PRODUCTS_DIR}/FBSDKShareKit/FBSDKShareKit.framework",
				"${PODS_ROOT}/JWPlayer-SDK/JWPlayer_iOS_SDK.framework",
				"${BUILT_PRODUCTS_DIR}/JWPlayerPlugin/JWPlayerPlugin.framework",
				"${BUILT_PRODUCTS_DIR}/SSZipArchive/SSZipArchive.framework",
				"${BUILT_PRODUCTS_DIR}/TTTAttributedLabel/TTTAttributedLabel.framework",
				"${PODS_ROOT}/TwitterCore/iOS/TwitterCore.framework",
				"${PODS_ROOT}/TwitterKit/iOS/TwitterKit.framework",
				"${BUILT_PRODUCTS_DIR}/ZappAnalyticsPluginsSDK/ZappAnalyticsPluginsSDK.framework",
				"${BUILT_PRODUCTS_DIR}/ZappGeneralPluginsSDK/ZappGeneralPluginsSDK.framework",
				"${BUILT_PRODUCTS_DIR}/ZappLoginPluginsSDK/ZappLoginPluginsSDK.framework",
				"${PODS_ROOT}/ZappPlugins/Frameworks/iOS/ZappPlugins.framework",
				"${BUILT_PRODUCTS_DIR}/ZappPushPluginsSDK/ZappPushPluginsSDK.framework",
			);
			name = "[CP] Embed Pods Frameworks";
			outputFileListPaths = (
			);
			outputPaths = (
				"${TARGET_BUILD_DIR}/${FRAMEWORKS_FOLDER_PATH}/Alamofire.framework",
				"${TARGET_BUILD_DIR}/${FRAMEWORKS_FOLDER_PATH}/ApplicasterSDK.framework",
				"${TARGET_BUILD_DIR}/${FRAMEWORKS_FOLDER_PATH}/CocoaLumberjack.framework",
				"${TARGET_BUILD_DIR}/${FRAMEWORKS_FOLDER_PATH}/FBSDKCoreKit.framework",
				"${TARGET_BUILD_DIR}/${FRAMEWORKS_FOLDER_PATH}/FBSDKLoginKit.framework",
				"${TARGET_BUILD_DIR}/${FRAMEWORKS_FOLDER_PATH}/FBSDKShareKit.framework",
				"${TARGET_BUILD_DIR}/${FRAMEWORKS_FOLDER_PATH}/JWPlayer_iOS_SDK.framework",
				"${TARGET_BUILD_DIR}/${FRAMEWORKS_FOLDER_PATH}/JWPlayerPlugin.framework",
				"${TARGET_BUILD_DIR}/${FRAMEWORKS_FOLDER_PATH}/SSZipArchive.framework",
				"${TARGET_BUILD_DIR}/${FRAMEWORKS_FOLDER_PATH}/TTTAttributedLabel.framework",
				"${TARGET_BUILD_DIR}/${FRAMEWORKS_FOLDER_PATH}/TwitterCore.framework",
				"${TARGET_BUILD_DIR}/${FRAMEWORKS_FOLDER_PATH}/TwitterKit.framework",
				"${TARGET_BUILD_DIR}/${FRAMEWORKS_FOLDER_PATH}/ZappAnalyticsPluginsSDK.framework",
				"${TARGET_BUILD_DIR}/${FRAMEWORKS_FOLDER_PATH}/ZappGeneralPluginsSDK.framework",
				"${TARGET_BUILD_DIR}/${FRAMEWORKS_FOLDER_PATH}/ZappLoginPluginsSDK.framework",
				"${TARGET_BUILD_DIR}/${FRAMEWORKS_FOLDER_PATH}/ZappPlugins.framework",
				"${TARGET_BUILD_DIR}/${FRAMEWORKS_FOLDER_PATH}/ZappPushPluginsSDK.framework",
			);
			runOnlyForDeploymentPostprocessing = 0;
			shellPath = /bin/sh;
			shellScript = "\"${SRCROOT}/Pods/Target Support Files/Pods-Squad1Player/Pods-Squad1Player-frameworks.sh\"\n";
			showEnvVarsInLog = 0;
		};
		3EC8BFF0E9580A82E914524C /* [CP] Copy Pods Resources */ = {
			isa = PBXShellScriptBuildPhase;
			buildActionMask = 2147483647;
			files = (
			);
			inputFileListPaths = (
			);
			inputPaths = (
				"${SRCROOT}/Pods/Target Support Files/Pods-Squad1PlayerTests/Pods-Squad1PlayerTests-resources.sh",
				"${PODS_ROOT}/TwitterKit/iOS/TwitterKit.framework/TwitterKitResources.bundle",
			);
			name = "[CP] Copy Pods Resources";
			outputFileListPaths = (
			);
			outputPaths = (
				"${TARGET_BUILD_DIR}/${UNLOCALIZED_RESOURCES_FOLDER_PATH}/TwitterKitResources.bundle",
			);
			runOnlyForDeploymentPostprocessing = 0;
			shellPath = /bin/sh;
			shellScript = "\"${SRCROOT}/Pods/Target Support Files/Pods-Squad1PlayerTests/Pods-Squad1PlayerTests-resources.sh\"\n";
			showEnvVarsInLog = 0;
		};
		6F341E4DBE205CE7EA4AE9FE /* [CP] Copy Pods Resources */ = {
			isa = PBXShellScriptBuildPhase;
			buildActionMask = 2147483647;
			files = (
			);
			inputFileListPaths = (
			);
			inputPaths = (
				"${SRCROOT}/Pods/Target Support Files/Pods-Squad1Player/Pods-Squad1Player-resources.sh",
				"${PODS_ROOT}/TwitterKit/iOS/TwitterKit.framework/TwitterKitResources.bundle",
			);
			name = "[CP] Copy Pods Resources";
			outputFileListPaths = (
			);
			outputPaths = (
				"${TARGET_BUILD_DIR}/${UNLOCALIZED_RESOURCES_FOLDER_PATH}/TwitterKitResources.bundle",
			);
			runOnlyForDeploymentPostprocessing = 0;
			shellPath = /bin/sh;
			shellScript = "\"${SRCROOT}/Pods/Target Support Files/Pods-Squad1Player/Pods-Squad1Player-resources.sh\"\n";
			showEnvVarsInLog = 0;
		};
		8AB8168243A53244E9C6C122 /* [CP] Check Pods Manifest.lock */ = {
			isa = PBXShellScriptBuildPhase;
			buildActionMask = 2147483647;
			files = (
			);
			inputFileListPaths = (
			);
			inputPaths = (
				"${PODS_PODFILE_DIR_PATH}/Podfile.lock",
				"${PODS_ROOT}/Manifest.lock",
			);
			name = "[CP] Check Pods Manifest.lock";
			outputFileListPaths = (
			);
			outputPaths = (
				"$(DERIVED_FILE_DIR)/Pods-Squad1PlayerTests-checkManifestLockResult.txt",
			);
			runOnlyForDeploymentPostprocessing = 0;
			shellPath = /bin/sh;
			shellScript = "diff \"${PODS_PODFILE_DIR_PATH}/Podfile.lock\" \"${PODS_ROOT}/Manifest.lock\" > /dev/null\nif [ $? != 0 ] ; then\n    # print error to STDERR\n    echo \"error: The sandbox is not in sync with the Podfile.lock. Run 'pod install' or update your CocoaPods installation.\" >&2\n    exit 1\nfi\n# This output is used by Xcode 'outputs' to avoid re-running this script phase.\necho \"SUCCESS\" > \"${SCRIPT_OUTPUT_FILE_0}\"\n";
			showEnvVarsInLog = 0;
		};
		A1EF27119AC673117C955F80 /* [CP] Embed Pods Frameworks */ = {
			isa = PBXShellScriptBuildPhase;
			buildActionMask = 2147483647;
			files = (
			);
			inputFileListPaths = (
			);
			inputPaths = (
				"${SRCROOT}/Pods/Target Support Files/Pods-Squad1PlayerTests/Pods-Squad1PlayerTests-frameworks.sh",
				"${BUILT_PRODUCTS_DIR}/Alamofire/Alamofire.framework",
				"${PODS_ROOT}/ApplicasterSDK/ApplicasterSDK.framework",
				"${BUILT_PRODUCTS_DIR}/CocoaLumberjack/CocoaLumberjack.framework",
				"${BUILT_PRODUCTS_DIR}/FBSDKCoreKit/FBSDKCoreKit.framework",
				"${BUILT_PRODUCTS_DIR}/FBSDKLoginKit/FBSDKLoginKit.framework",
				"${BUILT_PRODUCTS_DIR}/FBSDKShareKit/FBSDKShareKit.framework",
				"${PODS_ROOT}/JWPlayer-SDK/JWPlayer_iOS_SDK.framework",
				"${BUILT_PRODUCTS_DIR}/JWPlayerPlugin/JWPlayerPlugin.framework",
				"${BUILT_PRODUCTS_DIR}/SSZipArchive/SSZipArchive.framework",
				"${BUILT_PRODUCTS_DIR}/TTTAttributedLabel/TTTAttributedLabel.framework",
				"${PODS_ROOT}/TwitterCore/iOS/TwitterCore.framework",
				"${PODS_ROOT}/TwitterKit/iOS/TwitterKit.framework",
				"${BUILT_PRODUCTS_DIR}/ZappAnalyticsPluginsSDK/ZappAnalyticsPluginsSDK.framework",
				"${BUILT_PRODUCTS_DIR}/ZappGeneralPluginsSDK/ZappGeneralPluginsSDK.framework",
				"${BUILT_PRODUCTS_DIR}/ZappLoginPluginsSDK/ZappLoginPluginsSDK.framework",
				"${PODS_ROOT}/ZappPlugins/Frameworks/iOS/ZappPlugins.framework",
				"${BUILT_PRODUCTS_DIR}/ZappPushPluginsSDK/ZappPushPluginsSDK.framework",
			);
			name = "[CP] Embed Pods Frameworks";
			outputFileListPaths = (
			);
			outputPaths = (
				"${TARGET_BUILD_DIR}/${FRAMEWORKS_FOLDER_PATH}/Alamofire.framework",
				"${TARGET_BUILD_DIR}/${FRAMEWORKS_FOLDER_PATH}/ApplicasterSDK.framework",
				"${TARGET_BUILD_DIR}/${FRAMEWORKS_FOLDER_PATH}/CocoaLumberjack.framework",
				"${TARGET_BUILD_DIR}/${FRAMEWORKS_FOLDER_PATH}/FBSDKCoreKit.framework",
				"${TARGET_BUILD_DIR}/${FRAMEWORKS_FOLDER_PATH}/FBSDKLoginKit.framework",
				"${TARGET_BUILD_DIR}/${FRAMEWORKS_FOLDER_PATH}/FBSDKShareKit.framework",
				"${TARGET_BUILD_DIR}/${FRAMEWORKS_FOLDER_PATH}/JWPlayer_iOS_SDK.framework",
				"${TARGET_BUILD_DIR}/${FRAMEWORKS_FOLDER_PATH}/JWPlayerPlugin.framework",
				"${TARGET_BUILD_DIR}/${FRAMEWORKS_FOLDER_PATH}/SSZipArchive.framework",
				"${TARGET_BUILD_DIR}/${FRAMEWORKS_FOLDER_PATH}/TTTAttributedLabel.framework",
				"${TARGET_BUILD_DIR}/${FRAMEWORKS_FOLDER_PATH}/TwitterCore.framework",
				"${TARGET_BUILD_DIR}/${FRAMEWORKS_FOLDER_PATH}/TwitterKit.framework",
				"${TARGET_BUILD_DIR}/${FRAMEWORKS_FOLDER_PATH}/ZappAnalyticsPluginsSDK.framework",
				"${TARGET_BUILD_DIR}/${FRAMEWORKS_FOLDER_PATH}/ZappGeneralPluginsSDK.framework",
				"${TARGET_BUILD_DIR}/${FRAMEWORKS_FOLDER_PATH}/ZappLoginPluginsSDK.framework",
				"${TARGET_BUILD_DIR}/${FRAMEWORKS_FOLDER_PATH}/ZappPlugins.framework",
				"${TARGET_BUILD_DIR}/${FRAMEWORKS_FOLDER_PATH}/ZappPushPluginsSDK.framework",
			);
			runOnlyForDeploymentPostprocessing = 0;
			shellPath = /bin/sh;
			shellScript = "\"${SRCROOT}/Pods/Target Support Files/Pods-Squad1PlayerTests/Pods-Squad1PlayerTests-frameworks.sh\"\n";
			showEnvVarsInLog = 0;
		};
/* End PBXShellScriptBuildPhase section */

/* Begin PBXSourcesBuildPhase section */
		52497E072315339E0065A6DF /* Sources */ = {
			isa = PBXSourcesBuildPhase;
			buildActionMask = 2147483647;
			files = (
				52497E152315339E0065A6DF /* Document.swift in Sources */,
				52497E132315339E0065A6DF /* DocumentViewController.swift in Sources */,
				52497E112315339E0065A6DF /* DocumentBrowserViewController.swift in Sources */,
				52497E0F2315339E0065A6DF /* AppDelegate.swift in Sources */,
			);
			runOnlyForDeploymentPostprocessing = 0;
		};
		52497E1F231533A00065A6DF /* Sources */ = {
			isa = PBXSourcesBuildPhase;
			buildActionMask = 2147483647;
			files = (
				52497E28231533A00065A6DF /* Squad1PlayerTests.swift in Sources */,
			);
			runOnlyForDeploymentPostprocessing = 0;
		};
/* End PBXSourcesBuildPhase section */

/* Begin PBXTargetDependency section */
		52497E25231533A00065A6DF /* PBXTargetDependency */ = {
			isa = PBXTargetDependency;
			target = 52497E0A2315339E0065A6DF /* Squad1Player */;
			targetProxy = 52497E24231533A00065A6DF /* PBXContainerItemProxy */;
		};
/* End PBXTargetDependency section */

/* Begin PBXVariantGroup section */
		52497E162315339E0065A6DF /* Main.storyboard */ = {
			isa = PBXVariantGroup;
			children = (
				52497E172315339E0065A6DF /* Base */,
			);
			name = Main.storyboard;
			sourceTree = "<group>";
		};
		52497E1B231533A00065A6DF /* LaunchScreen.storyboard */ = {
			isa = PBXVariantGroup;
			children = (
				52497E1C231533A00065A6DF /* Base */,
			);
			name = LaunchScreen.storyboard;
			sourceTree = "<group>";
		};
/* End PBXVariantGroup section */

/* Begin XCBuildConfiguration section */
		52497E2A231533A00065A6DF /* Debug */ = {
			isa = XCBuildConfiguration;
			buildSettings = {
				ALWAYS_SEARCH_USER_PATHS = NO;
				CLANG_ANALYZER_NONNULL = YES;
				CLANG_ANALYZER_NUMBER_OBJECT_CONVERSION = YES_AGGRESSIVE;
				CLANG_CXX_LANGUAGE_STANDARD = "gnu++14";
				CLANG_CXX_LIBRARY = "libc++";
				CLANG_ENABLE_MODULES = YES;
				CLANG_ENABLE_OBJC_ARC = YES;
				CLANG_ENABLE_OBJC_WEAK = YES;
				CLANG_WARN_BLOCK_CAPTURE_AUTORELEASING = YES;
				CLANG_WARN_BOOL_CONVERSION = YES;
				CLANG_WARN_COMMA = YES;
				CLANG_WARN_CONSTANT_CONVERSION = YES;
				CLANG_WARN_DEPRECATED_OBJC_IMPLEMENTATIONS = YES;
				CLANG_WARN_DIRECT_OBJC_ISA_USAGE = YES_ERROR;
				CLANG_WARN_DOCUMENTATION_COMMENTS = YES;
				CLANG_WARN_EMPTY_BODY = YES;
				CLANG_WARN_ENUM_CONVERSION = YES;
				CLANG_WARN_INFINITE_RECURSION = YES;
				CLANG_WARN_INT_CONVERSION = YES;
				CLANG_WARN_NON_LITERAL_NULL_CONVERSION = YES;
				CLANG_WARN_OBJC_IMPLICIT_RETAIN_SELF = YES;
				CLANG_WARN_OBJC_LITERAL_CONVERSION = YES;
				CLANG_WARN_OBJC_ROOT_CLASS = YES_ERROR;
				CLANG_WARN_RANGE_LOOP_ANALYSIS = YES;
				CLANG_WARN_STRICT_PROTOTYPES = YES;
				CLANG_WARN_SUSPICIOUS_MOVE = YES;
				CLANG_WARN_UNGUARDED_AVAILABILITY = YES_AGGRESSIVE;
				CLANG_WARN_UNREACHABLE_CODE = YES;
				CLANG_WARN__DUPLICATE_METHOD_MATCH = YES;
				CODE_SIGN_IDENTITY = "iPhone Developer";
				COPY_PHASE_STRIP = NO;
				DEBUG_INFORMATION_FORMAT = dwarf;
				ENABLE_STRICT_OBJC_MSGSEND = YES;
				ENABLE_TESTABILITY = YES;
				GCC_C_LANGUAGE_STANDARD = gnu11;
				GCC_DYNAMIC_NO_PIC = NO;
				GCC_NO_COMMON_BLOCKS = YES;
				GCC_OPTIMIZATION_LEVEL = 0;
				GCC_PREPROCESSOR_DEFINITIONS = (
					"DEBUG=1",
					"$(inherited)",
				);
				GCC_WARN_64_TO_32_BIT_CONVERSION = YES;
				GCC_WARN_ABOUT_RETURN_TYPE = YES_ERROR;
				GCC_WARN_UNDECLARED_SELECTOR = YES;
				GCC_WARN_UNINITIALIZED_AUTOS = YES_AGGRESSIVE;
				GCC_WARN_UNUSED_FUNCTION = YES;
				GCC_WARN_UNUSED_VARIABLE = YES;
				IPHONEOS_DEPLOYMENT_TARGET = 12.2;
				MTL_ENABLE_DEBUG_INFO = INCLUDE_SOURCE;
				MTL_FAST_MATH = YES;
				ONLY_ACTIVE_ARCH = YES;
				SDKROOT = iphoneos;
				SWIFT_ACTIVE_COMPILATION_CONDITIONS = DEBUG;
				SWIFT_OPTIMIZATION_LEVEL = "-Onone";
			};
			name = Debug;
		};
		52497E2B231533A00065A6DF /* Release */ = {
			isa = XCBuildConfiguration;
			buildSettings = {
				ALWAYS_SEARCH_USER_PATHS = NO;
				CLANG_ANALYZER_NONNULL = YES;
				CLANG_ANALYZER_NUMBER_OBJECT_CONVERSION = YES_AGGRESSIVE;
				CLANG_CXX_LANGUAGE_STANDARD = "gnu++14";
				CLANG_CXX_LIBRARY = "libc++";
				CLANG_ENABLE_MODULES = YES;
				CLANG_ENABLE_OBJC_ARC = YES;
				CLANG_ENABLE_OBJC_WEAK = YES;
				CLANG_WARN_BLOCK_CAPTURE_AUTORELEASING = YES;
				CLANG_WARN_BOOL_CONVERSION = YES;
				CLANG_WARN_COMMA = YES;
				CLANG_WARN_CONSTANT_CONVERSION = YES;
				CLANG_WARN_DEPRECATED_OBJC_IMPLEMENTATIONS = YES;
				CLANG_WARN_DIRECT_OBJC_ISA_USAGE = YES_ERROR;
				CLANG_WARN_DOCUMENTATION_COMMENTS = YES;
				CLANG_WARN_EMPTY_BODY = YES;
				CLANG_WARN_ENUM_CONVERSION = YES;
				CLANG_WARN_INFINITE_RECURSION = YES;
				CLANG_WARN_INT_CONVERSION = YES;
				CLANG_WARN_NON_LITERAL_NULL_CONVERSION = YES;
				CLANG_WARN_OBJC_IMPLICIT_RETAIN_SELF = YES;
				CLANG_WARN_OBJC_LITERAL_CONVERSION = YES;
				CLANG_WARN_OBJC_ROOT_CLASS = YES_ERROR;
				CLANG_WARN_RANGE_LOOP_ANALYSIS = YES;
				CLANG_WARN_STRICT_PROTOTYPES = YES;
				CLANG_WARN_SUSPICIOUS_MOVE = YES;
				CLANG_WARN_UNGUARDED_AVAILABILITY = YES_AGGRESSIVE;
				CLANG_WARN_UNREACHABLE_CODE = YES;
				CLANG_WARN__DUPLICATE_METHOD_MATCH = YES;
				CODE_SIGN_IDENTITY = "iPhone Developer";
				COPY_PHASE_STRIP = NO;
				DEBUG_INFORMATION_FORMAT = "dwarf-with-dsym";
				ENABLE_NS_ASSERTIONS = NO;
				ENABLE_STRICT_OBJC_MSGSEND = YES;
				GCC_C_LANGUAGE_STANDARD = gnu11;
				GCC_NO_COMMON_BLOCKS = YES;
				GCC_WARN_64_TO_32_BIT_CONVERSION = YES;
				GCC_WARN_ABOUT_RETURN_TYPE = YES_ERROR;
				GCC_WARN_UNDECLARED_SELECTOR = YES;
				GCC_WARN_UNINITIALIZED_AUTOS = YES_AGGRESSIVE;
				GCC_WARN_UNUSED_FUNCTION = YES;
				GCC_WARN_UNUSED_VARIABLE = YES;
				IPHONEOS_DEPLOYMENT_TARGET = 12.2;
				MTL_ENABLE_DEBUG_INFO = NO;
				MTL_FAST_MATH = YES;
				SDKROOT = iphoneos;
				SWIFT_COMPILATION_MODE = wholemodule;
				SWIFT_OPTIMIZATION_LEVEL = "-O";
				VALIDATE_PRODUCT = YES;
			};
			name = Release;
		};
		52497E2D231533A00065A6DF /* Debug */ = {
			isa = XCBuildConfiguration;
			baseConfigurationReference = 375FD2F3E96E1AF4326E566C /* Pods-Squad1Player.debug.xcconfig */;
			buildSettings = {
				ASSETCATALOG_COMPILER_APPICON_NAME = AppIcon;
				CODE_SIGN_STYLE = Automatic;
				DEVELOPMENT_TEAM = WZZ4E5L8EL;
				INFOPLIST_FILE = Squad1Player/Info.plist;
				LD_RUNPATH_SEARCH_PATHS = (
					"$(inherited)",
					"@executable_path/Frameworks",
				);
				PRODUCT_BUNDLE_IDENTIFIER = com.applicaster.Squad1Player;
				PRODUCT_NAME = "$(TARGET_NAME)";
				SWIFT_VERSION = 5.0;
				TARGETED_DEVICE_FAMILY = "1,2";
			};
			name = Debug;
		};
		52497E2E231533A00065A6DF /* Release */ = {
			isa = XCBuildConfiguration;
			baseConfigurationReference = 57E5D6B9BB97801D607FB24A /* Pods-Squad1Player.release.xcconfig */;
			buildSettings = {
				ASSETCATALOG_COMPILER_APPICON_NAME = AppIcon;
				CODE_SIGN_STYLE = Automatic;
				DEVELOPMENT_TEAM = WZZ4E5L8EL;
				INFOPLIST_FILE = Squad1Player/Info.plist;
				LD_RUNPATH_SEARCH_PATHS = (
					"$(inherited)",
					"@executable_path/Frameworks",
				);
				PRODUCT_BUNDLE_IDENTIFIER = com.applicaster.Squad1Player;
				PRODUCT_NAME = "$(TARGET_NAME)";
				SWIFT_VERSION = 5.0;
				TARGETED_DEVICE_FAMILY = "1,2";
			};
			name = Release;
		};
		52497E30231533A00065A6DF /* Debug */ = {
			isa = XCBuildConfiguration;
			baseConfigurationReference = EB80E8F7AA7649E1B5D8BDB6 /* Pods-Squad1PlayerTests.debug.xcconfig */;
			buildSettings = {
				ALWAYS_EMBED_SWIFT_STANDARD_LIBRARIES = YES;
				BUNDLE_LOADER = "$(TEST_HOST)";
				CODE_SIGN_STYLE = Automatic;
				DEVELOPMENT_TEAM = WZZ4E5L8EL;
				INFOPLIST_FILE = Squad1PlayerTests/Info.plist;
				LD_RUNPATH_SEARCH_PATHS = (
					"$(inherited)",
					"@executable_path/Frameworks",
					"@loader_path/Frameworks",
				);
				PRODUCT_BUNDLE_IDENTIFIER = com.applicaster.Squad1PlayerTests;
				PRODUCT_NAME = "$(TARGET_NAME)";
				SWIFT_VERSION = 5.0;
				TARGETED_DEVICE_FAMILY = "1,2";
				TEST_HOST = "$(BUILT_PRODUCTS_DIR)/Squad1Player.app/Squad1Player";
			};
			name = Debug;
		};
		52497E31231533A00065A6DF /* Release */ = {
			isa = XCBuildConfiguration;
			baseConfigurationReference = ED02F9712F0592F02039A538 /* Pods-Squad1PlayerTests.release.xcconfig */;
			buildSettings = {
				ALWAYS_EMBED_SWIFT_STANDARD_LIBRARIES = YES;
				BUNDLE_LOADER = "$(TEST_HOST)";
				CODE_SIGN_STYLE = Automatic;
				DEVELOPMENT_TEAM = WZZ4E5L8EL;
				INFOPLIST_FILE = Squad1PlayerTests/Info.plist;
				LD_RUNPATH_SEARCH_PATHS = (
					"$(inherited)",
					"@executable_path/Frameworks",
					"@loader_path/Frameworks",
				);
				PRODUCT_BUNDLE_IDENTIFIER = com.applicaster.Squad1PlayerTests;
				PRODUCT_NAME = "$(TARGET_NAME)";
				SWIFT_VERSION = 5.0;
				TARGETED_DEVICE_FAMILY = "1,2";
				TEST_HOST = "$(BUILT_PRODUCTS_DIR)/Squad1Player.app/Squad1Player";
			};
			name = Release;
		};
/* End XCBuildConfiguration section */

/* Begin XCConfigurationList section */
		52497E062315339E0065A6DF /* Build configuration list for PBXProject "Squad1Player" */ = {
			isa = XCConfigurationList;
			buildConfigurations = (
				52497E2A231533A00065A6DF /* Debug */,
				52497E2B231533A00065A6DF /* Release */,
			);
			defaultConfigurationIsVisible = 0;
			defaultConfigurationName = Release;
		};
		52497E2C231533A00065A6DF /* Build configuration list for PBXNativeTarget "Squad1Player" */ = {
			isa = XCConfigurationList;
			buildConfigurations = (
				52497E2D231533A00065A6DF /* Debug */,
				52497E2E231533A00065A6DF /* Release */,
			);
			defaultConfigurationIsVisible = 0;
			defaultConfigurationName = Release;
		};
		52497E2F231533A00065A6DF /* Build configuration list for PBXNativeTarget "Squad1PlayerTests" */ = {
			isa = XCConfigurationList;
			buildConfigurations = (
				52497E30231533A00065A6DF /* Debug */,
				52497E31231533A00065A6DF /* Release */,
			);
			defaultConfigurationIsVisible = 0;
			defaultConfigurationName = Release;
		};
/* End XCConfigurationList section */
	};
	rootObject = 52497E032315339E0065A6DF /* Project object */;
}
